
Microsoft Visual Studio Solution File, Format Version 12.00
# Visual Studio Version 17
VisualStudioVersion = 17.4.33103.184
MinimumVisualStudioVersion = 10.0.40219.1
Project("{FAE04EC0-301F-11D3-BF4B-00C04F79EFBC}") = "DiWorkAutomator", "DiWorkAutomator\DiWorkAutomator.csproj", "{14F87E34-F860-40DB-9E90-D3DDCF6BC4AD}"
EndProject
Global
	GlobalSection(SolutionConfigurationPlatforms) = preSolution
		Debug|Any CPU = Debug|Any CPU
		Release|Any CPU = Release|Any CPU
	EndGlobalSection
	GlobalSection(ProjectConfigurationPlatforms) = postSolution
		{14F87E34-F860-40DB-9E90-D3DDCF6BC4AD}.Debug|Any CPU.ActiveCfg = Debug|Any CPU
		{14F87E34-F860-40DB-9E90-D3DDCF6BC4AD}.Debug|Any CPU.Build.0 = Debug|Any CPU
		{14F87E34-F860-40DB-9E90-D3DDCF6BC4AD}.Release|Any CPU.ActiveCfg = Release|Any CPU
		{14F87E34-F860-40DB-9E90-D3DDCF6BC4AD}.Release|Any CPU.Build.0 = Release|Any CPU
	EndGlobalSection
	GlobalSection(SolutionProperties) = preSolution
		HideSolutionNode = FALSE
	EndGlobalSection
	GlobalSection(ExtensibilityGlobals) = postSolution
		SolutionGuid = {C0A8D8CC-809C-4981-B344-4D99FC94A33E}
	EndGlobalSection
EndGlobal
